
Microsoft Visual Studio Solution File, Format Version 12.00
# Visual Studio Version 17
VisualStudioVersion = 17.9.34607.119
MinimumVisualStudioVersion = 10.0.40219.1
Project("{9A19103F-16F7-4668-BE54-9A1E7A4F7556}") = "Lynxware", "Lynxware.csproj", "{DBF7DBB2-7F1A-442E-A96F-FACC107772B5}"
EndProject
Global
	GlobalSection(SolutionConfigurationPlatforms) = preSolution
		Debug|Any CPU = Debug|Any CPU
		Debug|x64 = Debug|x64
		Release|Any CPU = Release|Any CPU
		Release|x64 = Release|x64
	EndGlobalSection
	GlobalSection(ProjectConfigurationPlatforms) = postSolution
		{DBF7DBB2-7F1A-442E-A96F-FACC107772B5}.Debug|Any CPU.ActiveCfg = Debug|x64
		{DBF7DBB2-7F1A-442E-A96F-FACC107772B5}.Debug|x64.ActiveCfg = Debug|x64
		{DBF7DBB2-7F1A-442E-A96F-FACC107772B5}.Debug|x64.Build.0 = Debug|x64
		{DBF7DBB2-7F1A-442E-A96F-FACC107772B5}.Release|Any CPU.ActiveCfg = Release|x64
		{DBF7DBB2-7F1A-442E-A96F-FACC107772B5}.Release|x64.ActiveCfg = Release|x64
		{DBF7DBB2-7F1A-442E-A96F-FACC107772B5}.Release|x64.Build.0 = Release|x64
	EndGlobalSection
	GlobalSection(SolutionProperties) = preSolution
		HideSolutionNode = FALSE
	EndGlobalSection
	GlobalSection(ExtensibilityGlobals) = postSolution
		SolutionGuid = {2011C0F2-1BFB-46D8-9B95-290CE767B988}
	EndGlobalSection
EndGlobal
